// !$*UTF8*$!
{
	archiveVersion = 1;
	classes = {
	};
	objectVersion = 56;
	objects = {

/* Begin PBXBuildFile section */
		AABB1100CCDD2200EEFF3500 /* PushAlarmApp.swift in Sources */ = {isa = PBXBuildFile; fileRef = AABB1100CCDD2200EEFF3400; };
		AABB1100CCDD2200EEFF3501 /* ContentView.swift in Sources */ = {isa = PBXBuildFile; fileRef = AABB1100CCDD2200EEFF3401; };
		AABB1100CCDD2200EEFF3510 /* Alarm.swift in Sources */ = {isa = PBXBuildFile; fileRef = AABB1100CCDD2200EEFF3410; };
		AABB1100CCDD2200EEFF3511 /* Settings.swift in Sources */ = {isa = PBXBuildFile; fileRef = AABB1100CCDD2200EEFF3411; };
		AABB1100CCDD2200EEFF3512 /* ChallengeResult.swift in Sources */ = {isa = PBXBuildFile; fileRef = AABB1100CCDD2200EEFF3412; };
		AABB1100CCDD2200EEFF3520 /* PersistenceService.swift in Sources */ = {isa = PBXBuildFile; fileRef = AABB1100CCDD2200EEFF3420; };
		AABB1100CCDD2200EEFF3521 /* AlarmScheduler.swift in Sources */ = {isa = PBXBuildFile; fileRef = AABB1100CCDD2200EEFF3421; };
		AABB1100CCDD2200EEFF3522 /* AudioService.swift in Sources */ = {isa = PBXBuildFile; fileRef = AABB1100CCDD2200EEFF3422; };
		AABB1100CCDD2200EEFF3523 /* PoseCounterService.swift in Sources */ = {isa = PBXBuildFile; fileRef = AABB1100CCDD2200EEFF3423; };
		AABB1100CCDD2200EEFF3530 /* AlarmListViewModel.swift in Sources */ = {isa = PBXBuildFile; fileRef = AABB1100CCDD2200EEFF3430; };
		AABB1100CCDD2200EEFF3531 /* ChallengeViewModel.swift in Sources */ = {isa = PBXBuildFile; fileRef = AABB1100CCDD2200EEFF3431; };
		AABB1100CCDD2200EEFF3540 /* AlarmListView.swift in Sources */ = {isa = PBXBuildFile; fileRef = AABB1100CCDD2200EEFF3440; };
		AABB1100CCDD2200EEFF3541 /* AlarmEditorView.swift in Sources */ = {isa = PBXBuildFile; fileRef = AABB1100CCDD2200EEFF3441; };
		AABB1100CCDD2200EEFF3542 /* ChallengeView.swift in Sources */ = {isa = PBXBuildFile; fileRef = AABB1100CCDD2200EEFF3442; };
		AABB1100CCDD2200EEFF3543 /* OnboardingView.swift in Sources */ = {isa = PBXBuildFile; fileRef = AABB1100CCDD2200EEFF3443; };
		AABB1100CCDD2200EEFF3544 /* SettingsView.swift in Sources */ = {isa = PBXBuildFile; fileRef = AABB1100CCDD2200EEFF3444; };
		AABB1100CCDD2200EEFF3550 /* RepCounterView.swift in Sources */ = {isa = PBXBuildFile; fileRef = AABB1100CCDD2200EEFF3450; };
		AABB1100CCDD2200EEFF3551 /* DayToggleView.swift in Sources */ = {isa = PBXBuildFile; fileRef = AABB1100CCDD2200EEFF3451; };
		AABB1100CCDD2200EEFF3552 /* CameraPreviewView.swift in Sources */ = {isa = PBXBuildFile; fileRef = AABB1100CCDD2200EEFF3452; };
		AABB1100CCDD2200EEFF3560 /* Assets.xcassets in Resources */ = {isa = PBXBuildFile; fileRef = AABB1100CCDD2200EEFF3460; };
		AABB1100CCDD2200EEFF3570 /* RepCountingTests.swift in Sources */ = {isa = PBXBuildFile; fileRef = AABB1100CCDD2200EEFF3470; };
		AABB1100CCDD2200EEFF3571 /* AlarmSchedulerTests.swift in Sources */ = {isa = PBXBuildFile; fileRef = AABB1100CCDD2200EEFF3471; };
/* End PBXBuildFile section */

/* Begin PBXContainerItemProxy section */
		AABB1100CCDD2200EEFF3600 /* PBXContainerItemProxy */ = {
			isa = PBXContainerItemProxy;
			containerPortal = AABB1100CCDD2200EEFF0001 /* Project object */;
			proxyType = 1;
			remoteGlobalIDString = AABB1100CCDD2200EEFF3310;
			remoteInfo = PushAlarm;
		};
/* End PBXContainerItemProxy section */

/* Begin PBXFileReference section */
		AABB1100CCDD2200EEFF3480 /* PushAlarm.app */ = {isa = PBXFileReference; explicitFileType = wrapper.application; includeInIndex = 0; path = PushAlarm.app; sourceTree = BUILT_PRODUCTS_DIR; };
		AABB1100CCDD2200EEFF3481 /* PushAlarmTests.xctest */ = {isa = PBXFileReference; explicitFileType = wrapper.cfbundle; includeInIndex = 0; path = PushAlarmTests.xctest; sourceTree = BUILT_PRODUCTS_DIR; };
		AABB1100CCDD2200EEFF3400 /* PushAlarmApp.swift */ = {isa = PBXFileReference; lastKnownFileType = sourcecode.swift; path = PushAlarmApp.swift; sourceTree = "<group>"; };
		AABB1100CCDD2200EEFF3401 /* ContentView.swift */ = {isa = PBXFileReference; lastKnownFileType = sourcecode.swift; path = ContentView.swift; sourceTree = "<group>"; };
		AABB1100CCDD2200EEFF3402 /* Info.plist */ = {isa = PBXFileReference; lastKnownFileType = text.plist.xml; path = Info.plist; sourceTree = "<group>"; };
		AABB1100CCDD2200EEFF3403 /* PushAlarm.entitlements */ = {isa = PBXFileReference; lastKnownFileType = text.plist.entitlements; path = PushAlarm.entitlements; sourceTree = "<group>"; };
		AABB1100CCDD2200EEFF3410 /* Alarm.swift */ = {isa = PBXFileReference; lastKnownFileType = sourcecode.swift; path = Alarm.swift; sourceTree = "<group>"; };
		AABB1100CCDD2200EEFF3411 /* Settings.swift */ = {isa = PBXFileReference; lastKnownFileType = sourcecode.swift; path = Settings.swift; sourceTree = "<group>"; };
		AABB1100CCDD2200EEFF3412 /* ChallengeResult.swift */ = {isa = PBXFileReference; lastKnownFileType = sourcecode.swift; path = ChallengeResult.swift; sourceTree = "<group>"; };
		AABB1100CCDD2200EEFF3420 /* PersistenceService.swift */ = {isa = PBXFileReference; lastKnownFileType = sourcecode.swift; path = PersistenceService.swift; sourceTree = "<group>"; };
		AABB1100CCDD2200EEFF3421 /* AlarmScheduler.swift */ = {isa = PBXFileReference; lastKnownFileType = sourcecode.swift; path = AlarmScheduler.swift; sourceTree = "<group>"; };
		AABB1100CCDD2200EEFF3422 /* AudioService.swift */ = {isa = PBXFileReference; lastKnownFileType = sourcecode.swift; path = AudioService.swift; sourceTree = "<group>"; };
		AABB1100CCDD2200EEFF3423 /* PoseCounterService.swift */ = {isa = PBXFileReference; lastKnownFileType = sourcecode.swift; path = PoseCounterService.swift; sourceTree = "<group>"; };
		AABB1100CCDD2200EEFF3430 /* AlarmListViewModel.swift */ = {isa = PBXFileReference; lastKnownFileType = sourcecode.swift; path = AlarmListViewModel.swift; sourceTree = "<group>"; };
		AABB1100CCDD2200EEFF3431 /* ChallengeViewModel.swift */ = {isa = PBXFileReference; lastKnownFileType = sourcecode.swift; path = ChallengeViewModel.swift; sourceTree = "<group>"; };
		AABB1100CCDD2200EEFF3440 /* AlarmListView.swift */ = {isa = PBXFileReference; lastKnownFileType = sourcecode.swift; path = AlarmListView.swift; sourceTree = "<group>"; };
		AABB1100CCDD2200EEFF3441 /* AlarmEditorView.swift */ = {isa = PBXFileReference; lastKnownFileType = sourcecode.swift; path = AlarmEditorView.swift; sourceTree = "<group>"; };
		AABB1100CCDD2200EEFF3442 /* ChallengeView.swift */ = {isa = PBXFileReference; lastKnownFileType = sourcecode.swift; path = ChallengeView.swift; sourceTree = "<group>"; };
		AABB1100CCDD2200EEFF3443 /* OnboardingView.swift */ = {isa = PBXFileReference; lastKnownFileType = sourcecode.swift; path = OnboardingView.swift; sourceTree = "<group>"; };
		AABB1100CCDD2200EEFF3444 /* SettingsView.swift */ = {isa = PBXFileReference; lastKnownFileType = sourcecode.swift; path = SettingsView.swift; sourceTree = "<group>"; };
		AABB1100CCDD2200EEFF3450 /* RepCounterView.swift */ = {isa = PBXFileReference; lastKnownFileType = sourcecode.swift; path = RepCounterView.swift; sourceTree = "<group>"; };
		AABB1100CCDD2200EEFF3451 /* DayToggleView.swift */ = {isa = PBXFileReference; lastKnownFileType = sourcecode.swift; path = DayToggleView.swift; sourceTree = "<group>"; };
		AABB1100CCDD2200EEFF3452 /* CameraPreviewView.swift */ = {isa = PBXFileReference; lastKnownFileType = sourcecode.swift; path = CameraPreviewView.swift; sourceTree = "<group>"; };
		AABB1100CCDD2200EEFF3460 /* Assets.xcassets */ = {isa = PBXFileReference; lastKnownFileType = folder.assetcatalog; path = Assets.xcassets; sourceTree = "<group>"; };
		AABB1100CCDD2200EEFF3470 /* RepCountingTests.swift */ = {isa = PBXFileReference; lastKnownFileType = sourcecode.swift; path = RepCountingTests.swift; sourceTree = "<group>"; };
		AABB1100CCDD2200EEFF3471 /* AlarmSchedulerTests.swift */ = {isa = PBXFileReference; lastKnownFileType = sourcecode.swift; path = AlarmSchedulerTests.swift; sourceTree = "<group>"; };
/* End PBXFileReference section */

/* Begin PBXFrameworksBuildPhase section */
		AABB1100CCDD2200EEFF3321 /* Frameworks */ = {
			isa = PBXFrameworksBuildPhase;
			buildActionMask = 2147483647;
			files = (
			);
			runOnlyForDeploymentPostprocessing = 0;
		};
		AABB1100CCDD2200EEFF3324 /* Frameworks */ = {
			isa = PBXFrameworksBuildPhase;
			buildActionMask = 2147483647;
			files = (
			);
			runOnlyForDeploymentPostprocessing = 0;
		};
/* End PBXFrameworksBuildPhase section */

/* Begin PBXGroup section */
		AABB1100CCDD2200EEFF0005 /* <root> */ = {
			isa = PBXGroup;
			children = (
				AABB1100CCDD2200EEFF0003 /* PushAlarm */,
				AABB1100CCDD2200EEFF3357 /* PushAlarmTests */,
				AABB1100CCDD2200EEFF0002 /* Products */,
			);
			sourceTree = "<group>";
		};
		AABB1100CCDD2200EEFF0002 /* Products */ = {
			isa = PBXGroup;
			children = (
				AABB1100CCDD2200EEFF3480 /* PushAlarm.app */,
				AABB1100CCDD2200EEFF3481 /* PushAlarmTests.xctest */,
			);
			name = Products;
			sourceTree = "<group>";
		};
		AABB1100CCDD2200EEFF0003 /* PushAlarm */ = {
			isa = PBXGroup;
			children = (
				AABB1100CCDD2200EEFF3400 /* PushAlarmApp.swift */,
				AABB1100CCDD2200EEFF3402 /* Info.plist */,
				AABB1100CCDD2200EEFF3403 /* PushAlarm.entitlements */,
				AABB1100CCDD2200EEFF3358 /* App */,
				AABB1100CCDD2200EEFF3351 /* Models */,
				AABB1100CCDD2200EEFF3352 /* Services */,
				AABB1100CCDD2200EEFF3353 /* ViewModels */,
				AABB1100CCDD2200EEFF3354 /* Views */,
				AABB1100CCDD2200EEFF3355 /* Resources */,
			);
			path = PushAlarm;
			sourceTree = "<group>";
		};
		AABB1100CCDD2200EEFF3358 /* App */ = {
			isa = PBXGroup;
			children = (
				AABB1100CCDD2200EEFF3401 /* ContentView.swift */,
			);
			path = App;
			sourceTree = "<group>";
		};
		AABB1100CCDD2200EEFF3351 /* Models */ = {
			isa = PBXGroup;
			children = (
				AABB1100CCDD2200EEFF3410 /* Alarm.swift */,
				AABB1100CCDD2200EEFF3411 /* Settings.swift */,
				AABB1100CCDD2200EEFF3412 /* ChallengeResult.swift */,
			);
			path = Models;
			sourceTree = "<group>";
		};
		AABB1100CCDD2200EEFF3352 /* Services */ = {
			isa = PBXGroup;
			children = (
				AABB1100CCDD2200EEFF3420 /* PersistenceService.swift */,
				AABB1100CCDD2200EEFF3421 /* AlarmScheduler.swift */,
				AABB1100CCDD2200EEFF3422 /* AudioService.swift */,
				AABB1100CCDD2200EEFF3423 /* PoseCounterService.swift */,
			);
			path = Services;
			sourceTree = "<group>";
		};
		AABB1100CCDD2200EEFF3353 /* ViewModels */ = {
			isa = PBXGroup;
			children = (
				AABB1100CCDD2200EEFF3430 /* AlarmListViewModel.swift */,
				AABB1100CCDD2200EEFF3431 /* ChallengeViewModel.swift */,
			);
			path = ViewModels;
			sourceTree = "<group>";
		};
		AABB1100CCDD2200EEFF3354 /* Views */ = {
			isa = PBXGroup;
			children = (
				AABB1100CCDD2200EEFF3440 /* AlarmListView.swift */,
				AABB1100CCDD2200EEFF3441 /* AlarmEditorView.swift */,
				AABB1100CCDD2200EEFF3442 /* ChallengeView.swift */,
				AABB1100CCDD2200EEFF3443 /* OnboardingView.swift */,
				AABB1100CCDD2200EEFF3444 /* SettingsView.swift */,
				AABB1100CCDD2200EEFF3356 /* Components */,
			);
			path = Views;
			sourceTree = "<group>";
		};
		AABB1100CCDD2200EEFF3356 /* Components */ = {
			isa = PBXGroup;
			children = (
				AABB1100CCDD2200EEFF3450 /* RepCounterView.swift */,
				AABB1100CCDD2200EEFF3451 /* DayToggleView.swift */,
				AABB1100CCDD2200EEFF3452 /* CameraPreviewView.swift */,
			);
			path = Components;
			sourceTree = "<group>";
		};
		AABB1100CCDD2200EEFF3355 /* Resources */ = {
			isa = PBXGroup;
			children = (
				AABB1100CCDD2200EEFF3460 /* Assets.xcassets */,
			);
			path = Resources;
			sourceTree = "<group>";
		};
		AABB1100CCDD2200EEFF3357 /* PushAlarmTests */ = {
			isa = PBXGroup;
			children = (
				AABB1100CCDD2200EEFF3470 /* RepCountingTests.swift */,
				AABB1100CCDD2200EEFF3471 /* AlarmSchedulerTests.swift */,
			);
			path = PushAlarmTests;
			sourceTree = "<group>";
		};
/* End PBXGroup section */

/* Begin PBXNativeTarget section */
		AABB1100CCDD2200EEFF3310 /* PushAlarm */ = {
			isa = PBXNativeTarget;
			buildConfigurationList = AABB1100CCDD2200EEFF3341 /* Build configuration list for PBXNativeTarget "PushAlarm" */;
			buildPhases = (
				AABB1100CCDD2200EEFF3320 /* Sources */,
				AABB1100CCDD2200EEFF3321 /* Frameworks */,
				AABB1100CCDD2200EEFF3322 /* Resources */,
			);
			buildRules = (
			);
			dependencies = (
			);
			name = PushAlarm;
			productName = PushAlarm;
			productReference = AABB1100CCDD2200EEFF3480 /* PushAlarm.app */;
			productType = "com.apple.product-type.application";
		};
		AABB1100CCDD2200EEFF3311 /* PushAlarmTests */ = {
			isa = PBXNativeTarget;
			buildConfigurationList = AABB1100CCDD2200EEFF3342 /* Build configuration list for PBXNativeTarget "PushAlarmTests" */;
			buildPhases = (
				AABB1100CCDD2200EEFF3323 /* Sources */,
				AABB1100CCDD2200EEFF3324 /* Frameworks */,
				AABB1100CCDD2200EEFF3325 /* Resources */,
			);
			buildRules = (
			);
			dependencies = (
				AABB1100CCDD2200EEFF3601 /* PBXTargetDependency */,
			);
			name = PushAlarmTests;
			productName = PushAlarmTests;
			productReference = AABB1100CCDD2200EEFF3481 /* PushAlarmTests.xctest */;
			productType = "com.apple.product-type.bundle.unit-test";
		};
/* End PBXNativeTarget section */

/* Begin PBXProject section */
		AABB1100CCDD2200EEFF0001 /* Project object */ = {
			isa = PBXProject;
			attributes = {
				BuildIndependentTargetsInParallel = 1;
				LastSwiftUpdateCheck = 1400;
				LastUpgradeCheck = 1400;
				TargetAttributes = {
					AABB1100CCDD2200EEFF3310 = {
						CreatedOnToolsVersion = 14.0;
					};
					AABB1100CCDD2200EEFF3311 = {
						CreatedOnToolsVersion = 14.0;
						TestTargetID = AABB1100CCDD2200EEFF3310;
					};
				};
			};
			buildConfigurationList = AABB1100CCDD2200EEFF3340 /* Build configuration list for PBXProject "PushAlarm" */;
			compatibilityVersion = "Xcode 14.0";
			developmentRegion = en;
			hasScannedForEncodings = 0;
			knownRegions = (
				en,
				Base,
			);
			mainGroup = AABB1100CCDD2200EEFF0005;
			productRefGroup = AABB1100CCDD2200EEFF0002 /* Products */;
			projectDirPath = "";
			projectRoot = "";
			targets = (
				AABB1100CCDD2200EEFF3310 /* PushAlarm */,
				AABB1100CCDD2200EEFF3311 /* PushAlarmTests */,
			);
		};
/* End PBXProject section */

/* Begin PBXResourcesBuildPhase section */
		AABB1100CCDD2200EEFF3322 /* Resources */ = {
			isa = PBXResourcesBuildPhase;
			buildActionMask = 2147483647;
			files = (
				AABB1100CCDD2200EEFF3560 /* Assets.xcassets in Resources */,
			);
			runOnlyForDeploymentPostprocessing = 0;
		};
		AABB1100CCDD2200EEFF3325 /* Resources */ = {
			isa = PBXResourcesBuildPhase;
			buildActionMask = 2147483647;
			files = (
			);
			runOnlyForDeploymentPostprocessing = 0;
		};
/* End PBXResourcesBuildPhase section */

/* Begin PBXSourcesBuildPhase section */
		AABB1100CCDD2200EEFF3320 /* Sources */ = {
			isa = PBXSourcesBuildPhase;
			buildActionMask = 2147483647;
			files = (
				AABB1100CCDD2200EEFF3500 /* PushAlarmApp.swift in Sources */,
				AABB1100CCDD2200EEFF3501 /* ContentView.swift in Sources */,
				AABB1100CCDD2200EEFF3510 /* Alarm.swift in Sources */,
				AABB1100CCDD2200EEFF3511 /* Settings.swift in Sources */,
				AABB1100CCDD2200EEFF3512 /* ChallengeResult.swift in Sources */,
				AABB1100CCDD2200EEFF3520 /* PersistenceService.swift in Sources */,
				AABB1100CCDD2200EEFF3521 /* AlarmScheduler.swift in Sources */,
				AABB1100CCDD2200EEFF3522 /* AudioService.swift in Sources */,
				AABB1100CCDD2200EEFF3523 /* PoseCounterService.swift in Sources */,
				AABB1100CCDD2200EEFF3530 /* AlarmListViewModel.swift in Sources */,
				AABB1100CCDD2200EEFF3531 /* ChallengeViewModel.swift in Sources */,
				AABB1100CCDD2200EEFF3540 /* AlarmListView.swift in Sources */,
				AABB1100CCDD2200EEFF3541 /* AlarmEditorView.swift in Sources */,
				AABB1100CCDD2200EEFF3542 /* ChallengeView.swift in Sources */,
				AABB1100CCDD2200EEFF3543 /* OnboardingView.swift in Sources */,
				AABB1100CCDD2200EEFF3544 /* SettingsView.swift in Sources */,
				AABB1100CCDD2200EEFF3550 /* RepCounterView.swift in Sources */,
				AABB1100CCDD2200EEFF3551 /* DayToggleView.swift in Sources */,
				AABB1100CCDD2200EEFF3552 /* CameraPreviewView.swift in Sources */,
			);
			runOnlyForDeploymentPostprocessing = 0;
		};
		AABB1100CCDD2200EEFF3323 /* Sources */ = {
			isa = PBXSourcesBuildPhase;
			buildActionMask = 2147483647;
			files = (
				AABB1100CCDD2200EEFF3570 /* RepCountingTests.swift in Sources */,
				AABB1100CCDD2200EEFF3571 /* AlarmSchedulerTests.swift in Sources */,
			);
			runOnlyForDeploymentPostprocessing = 0;
		};
/* End PBXSourcesBuildPhase section */

/* Begin PBXTargetDependency section */
		AABB1100CCDD2200EEFF3601 /* PBXTargetDependency */ = {
			isa = PBXTargetDependency;
			target = AABB1100CCDD2200EEFF3310 /* PushAlarm */;
			targetProxy = AABB1100CCDD2200EEFF3600 /* PBXContainerItemProxy */;
		};
/* End PBXTargetDependency section */

/* Begin XCBuildConfiguration section */
		AABB1100CCDD2200EEFF3330 /* Debug */ = {
			isa = XCBuildConfiguration;
			buildSettings = {
				ALWAYS_SEARCH_USER_PATHS = NO;
				CLANG_ANALYZER_NONNULL = YES;
				CLANG_ANALYZER_NUMBER_OBJECT_CONVERSION = YES_AGGRESSIVE;
				CLANG_CXX_LANGUAGE_STANDARD = "gnu++20";
				CLANG_ENABLE_MODULES = YES;
				CLANG_ENABLE_OBJC_ARC = YES;
				CLANG_ENABLE_OBJC_WEAK = YES;
				CLANG_WARN_BLOCK_CAPTURE_AUTORELEASING = YES;
				CLANG_WARN_BOOL_CONVERSION = YES;
				CLANG_WARN_COMMA = YES;
				CLANG_WARN_CONSTANT_CONVERSION = YES;
				CLANG_WARN_DEPRECATED_OBJC_IMPLEMENTATIONS = YES;
				CLANG_WARN_DIRECT_OBJC_ISA_USAGE = YES_ERROR;
				CLANG_WARN_DOCUMENTATION_COMMENTS = YES;
				CLANG_WARN_EMPTY_BODY = YES;
				CLANG_WARN_ENUM_CONVERSION = YES;
				CLANG_WARN_INFINITE_RECURSION = YES;
				CLANG_WARN_INT_CONVERSION = YES;
				CLANG_WARN_NON_LITERAL_NULL_CONVERSION = YES;
				CLANG_WARN_OBJC_IMPLICIT_RETAIN_CYCLE = YES;
				CLANG_WARN_OBJC_LITERAL_CONVERSION = YES;
				CLANG_WARN_OBJC_ROOT_CLASS = YES_ERROR;
				CLANG_WARN_QUOTED_INCLUDE_IN_FRAMEWORK_HEADER = YES;
				CLANG_WARN_RANGE_LOOP_ANALYSIS = YES;
				CLANG_WARN_STRICT_PROTOTYPES = YES;
				CLANG_WARN_SUSPICIOUS_MOVE = YES;
				CLANG_WARN_UNGUARDED_AVAILABILITY = YES_AGGRESSIVE;
				CLANG_WARN_UNREACHABLE_CODE = YES;
				CLANG_WARN__DUPLICATE_METHOD_MATCH = YES;
				COPY_PHASE_STRIP = NO;
				DEBUG_INFORMATION_FORMAT = dwarf;
				ENABLE_STRICT_OBJC_MSGSEND = YES;
				ENABLE_TESTABILITY = YES;
				GCC_C_LANGUAGE_STANDARD = gnu11;
				GCC_DYNAMIC_NO_PIC = NO;
				GCC_NO_COMMON_BLOCKS = YES;
				GCC_OPTIMIZATION_LEVEL = 0;
				GCC_PREPROCESSOR_DEFINITIONS = (
					"DEBUG=1",
					"$(inherited)",
				);
				GCC_WARN_64_TO_32_BIT_CONVERSION = YES;
				GCC_WARN_ABOUT_RETURN_TYPE = YES_ERROR;
				GCC_WARN_UNDECLARED_SELECTOR = YES;
				GCC_WARN_UNINITIALIZED_AUTOS = YES_AGGRESSIVE;
				GCC_WARN_UNUSED_FUNCTION = YES;
				GCC_WARN_UNUSED_VARIABLE = YES;
				IPHONEOS_DEPLOYMENT_TARGET = 16.0;
				MTL_ENABLE_DEBUG_INFO = INCLUDE_SOURCE;
				MTL_FAST_MATH = YES;
				ONLY_ACTIVE_ARCH = YES;
				SDKROOT = iphoneos;
				SWIFT_ACTIVE_COMPILATION_CONDITIONS = DEBUG;
				SWIFT_OPTIMIZATION_LEVEL = "-Onone";
			};
			name = Debug;
		};
		AABB1100CCDD2200EEFF3331 /* Release */ = {
			isa = XCBuildConfiguration;
			buildSettings = {
				ALWAYS_SEARCH_USER_PATHS = NO;
				CLANG_ANALYZER_NONNULL = YES;
				CLANG_ANALYZER_NUMBER_OBJECT_CONVERSION = YES_AGGRESSIVE;
				CLANG_CXX_LANGUAGE_STANDARD = "gnu++20";
				CLANG_ENABLE_MODULES = YES;
				CLANG_ENABLE_OBJC_ARC = YES;
				CLANG_ENABLE_OBJC_WEAK = YES;
				CLANG_WARN_BLOCK_CAPTURE_AUTORELEASING = YES;
				CLANG_WARN_BOOL_CONVERSION = YES;
				CLANG_WARN_COMMA = YES;
				CLANG_WARN_CONSTANT_CONVERSION = YES;
				CLANG_WARN_DEPRECATED_OBJC_IMPLEMENTATIONS = YES;
				CLANG_WARN_DIRECT_OBJC_ISA_USAGE = YES_ERROR;
				CLANG_WARN_DOCUMENTATION_COMMENTS = YES;
				CLANG_WARN_EMPTY_BODY = YES;
				CLANG_WARN_ENUM_CONVERSION = YES;
				CLANG_WARN_INFINITE_RECURSION = YES;
				CLANG_WARN_INT_CONVERSION = YES;
				CLANG_WARN_NON_LITERAL_NULL_CONVERSION = YES;
				CLANG_WARN_OBJC_IMPLICIT_RETAIN_CYCLE = YES;
				CLANG_WARN_OBJC_LITERAL_CONVERSION = YES;
				CLANG_WARN_OBJC_ROOT_CLASS = YES_ERROR;
				CLANG_WARN_QUOTED_INCLUDE_IN_FRAMEWORK_HEADER = YES;
				CLANG_WARN_RANGE_LOOP_ANALYSIS = YES;
				CLANG_WARN_STRICT_PROTOTYPES = YES;
				CLANG_WARN_SUSPICIOUS_MOVE = YES;
				CLANG_WARN_UNGUARDED_AVAILABILITY = YES_AGGRESSIVE;
				CLANG_WARN_UNREACHABLE_CODE = YES;
				CLANG_WARN__DUPLICATE_METHOD_MATCH = YES;
				COPY_PHASE_STRIP = NO;
				DEBUG_INFORMATION_FORMAT = "dwarf-with-dsym";
				ENABLE_NS_ASSERTIONS = NO;
				ENABLE_STRICT_OBJC_MSGSEND = YES;
				GCC_C_LANGUAGE_STANDARD = gnu11;
				GCC_NO_COMMON_BLOCKS = YES;
				GCC_WARN_64_TO_32_BIT_CONVERSION = YES;
				GCC_WARN_ABOUT_RETURN_TYPE = YES_ERROR;
				GCC_WARN_UNDECLARED_SELECTOR = YES;
				GCC_WARN_UNINITIALIZED_AUTOS = YES_AGGRESSIVE;
				GCC_WARN_UNUSED_FUNCTION = YES;
				GCC_WARN_UNUSED_VARIABLE = YES;
				IPHONEOS_DEPLOYMENT_TARGET = 16.0;
				MTL_ENABLE_DEBUG_INFO = NO;
				MTL_FAST_MATH = YES;
				SDKROOT = iphoneos;
				SWIFT_COMPILATION_MODE = wholemodule;
				SWIFT_OPTIMIZATION_LEVEL = "-O";
				VALIDATE_PRODUCT = YES;
			};
			name = Release;
		};
		AABB1100CCDD2200EEFF3332 /* Debug */ = {
			isa = XCBuildConfiguration;
			buildSettings = {
				ASSETCATALOG_COMPILER_APPICON_NAME = AppIcon;
				ASSETCATALOG_COMPILER_GLOBAL_ACCENT_COLOR_NAME = AccentColor;
				CODE_SIGN_ENTITLEMENTS = PushAlarm/PushAlarm.entitlements;
				CODE_SIGN_STYLE = Automatic;
				CURRENT_PROJECT_VERSION = 1;
				DEVELOPMENT_TEAM = "";
				GENERATE_INFOPLIST_FILE = NO;
				INFOPLIST_FILE = PushAlarm/Info.plist;
				IPHONEOS_DEPLOYMENT_TARGET = 16.0;
				LD_RUNPATH_SEARCH_PATHS = (
					"$(inherited)",
					"@executable_path/Frameworks",
				);
				MARKETING_VERSION = 1.0;
				PRODUCT_BUNDLE_IDENTIFIER = com.pushalarm.app;
				PRODUCT_NAME = "$(TARGET_NAME)";
				SWIFT_EMIT_LOC_STRINGS = YES;
				SWIFT_VERSION = 5.0;
				TARGETED_DEVICE_FAMILY = 1;
			};
			name = Debug;
		};
		AABB1100CCDD2200EEFF3333 /* Release */ = {
			isa = XCBuildConfiguration;
			buildSettings = {
				ASSETCATALOG_COMPILER_APPICON_NAME = AppIcon;
				ASSETCATALOG_COMPILER_GLOBAL_ACCENT_COLOR_NAME = AccentColor;
				CODE_SIGN_ENTITLEMENTS = PushAlarm/PushAlarm.entitlements;
				CODE_SIGN_STYLE = Automatic;
				CURRENT_PROJECT_VERSION = 1;
				DEVELOPMENT_TEAM = "";
				GENERATE_INFOPLIST_FILE = NO;
				INFOPLIST_FILE = PushAlarm/Info.plist;
				IPHONEOS_DEPLOYMENT_TARGET = 16.0;
				LD_RUNPATH_SEARCH_PATHS = (
					"$(inherited)",
					"@executable_path/Frameworks",
				);
				MARKETING_VERSION = 1.0;
				PRODUCT_BUNDLE_IDENTIFIER = com.pushalarm.app;
				PRODUCT_NAME = "$(TARGET_NAME)";
				SWIFT_EMIT_LOC_STRINGS = YES;
				SWIFT_VERSION = 5.0;
				TARGETED_DEVICE_FAMILY = 1;
			};
			name = Release;
		};
		AABB1100CCDD2200EEFF3334 /* Debug */ = {
			isa = XCBuildConfiguration;
			buildSettings = {
				BUNDLE_LOADER = "$(TEST_HOST)";
				CODE_SIGN_STYLE = Automatic;
				CURRENT_PROJECT_VERSION = 1;
				DEVELOPMENT_TEAM = "";
				GENERATE_INFOPLIST_FILE = YES;
				IPHONEOS_DEPLOYMENT_TARGET = 16.0;
				MARKETING_VERSION = 1.0;
				PRODUCT_BUNDLE_IDENTIFIER = com.pushalarm.app.tests;
				PRODUCT_NAME = "$(TARGET_NAME)";
				SWIFT_EMIT_LOC_STRINGS = NO;
				SWIFT_VERSION = 5.0;
				TARGETED_DEVICE_FAMILY = 1;
				TEST_HOST = "$(BUILT_PRODUCTS_DIR)/PushAlarm.app/$(BUNDLE_EXECUTABLE_FOLDER_PATH)/PushAlarm";
			};
			name = Debug;
		};
		AABB1100CCDD2200EEFF3335 /* Release */ = {
			isa = XCBuildConfiguration;
			buildSettings = {
				BUNDLE_LOADER = "$(TEST_HOST)";
				CODE_SIGN_STYLE = Automatic;
				CURRENT_PROJECT_VERSION = 1;
				DEVELOPMENT_TEAM = "";
				GENERATE_INFOPLIST_FILE = YES;
				IPHONEOS_DEPLOYMENT_TARGET = 16.0;
				MARKETING_VERSION = 1.0;
				PRODUCT_BUNDLE_IDENTIFIER = com.pushalarm.app.tests;
				PRODUCT_NAME = "$(TARGET_NAME)";
				SWIFT_EMIT_LOC_STRINGS = NO;
				SWIFT_VERSION = 5.0;
				TARGETED_DEVICE_FAMILY = 1;
				TEST_HOST = "$(BUILT_PRODUCTS_DIR)/PushAlarm.app/$(BUNDLE_EXECUTABLE_FOLDER_PATH)/PushAlarm";
			};
			name = Release;
		};
/* End XCBuildConfiguration section */

/* Begin XCConfigurationList section */
		AABB1100CCDD2200EEFF3340 /* Build configuration list for PBXProject "PushAlarm" */ = {
			isa = XCConfigurationList;
			buildConfigurations = (
				AABB1100CCDD2200EEFF3330 /* Debug */,
				AABB1100CCDD2200EEFF3331 /* Release */,
			);
			defaultConfigurationIsVisible = 0;
			defaultConfigurationName = Release;
		};
		AABB1100CCDD2200EEFF3341 /* Build configuration list for PBXNativeTarget "PushAlarm" */ = {
			isa = XCConfigurationList;
			buildConfigurations = (
				AABB1100CCDD2200EEFF3332 /* Debug */,
				AABB1100CCDD2200EEFF3333 /* Release */,
			);
			defaultConfigurationIsVisible = 0;
			defaultConfigurationName = Release;
		};
		AABB1100CCDD2200EEFF3342 /* Build configuration list for PBXNativeTarget "PushAlarmTests" */ = {
			isa = XCConfigurationList;
			buildConfigurations = (
				AABB1100CCDD2200EEFF3334 /* Debug */,
				AABB1100CCDD2200EEFF3335 /* Release */,
			);
			defaultConfigurationIsVisible = 0;
			defaultConfigurationName = Release;
		};
/* End XCConfigurationList section */

	};
	rootObject = AABB1100CCDD2200EEFF0001 /* Project object */;
}
